
Microsoft Visual Studio Solution File, Format Version 12.00
# Visual Studio Version 17
VisualStudioVersion = 17.4.33103.184
MinimumVisualStudioVersion = 10.0.40219.1
Project("{9A19103F-16F7-4668-BE54-9A1E7A4F7556}") = "ActionsToolkitSharp.Core", "src\ActionsToolkitSharp.Core\ActionsToolkitSharp.Core.csproj", "{174AD50C-7E65-4467-A9EB-3FA372E3BCFD}"
EndProject
Project("{2150E333-8FDC-42A3-9474-1A3956D46DE8}") = "src", "src", "{05787D83-7374-483A-A42C-E9A53EA5B224}"
	ProjectSection(SolutionItems) = preProject
		src\Directory.Build.props = src\Directory.Build.props
		src\Directory.Build.targets = src\Directory.Build.targets
	EndProjectSection
EndProject
Project("{2150E333-8FDC-42A3-9474-1A3956D46DE8}") = "tests", "tests", "{795A1BB4-B65E-4455-B041-DEBCC6543B36}"
	ProjectSection(SolutionItems) = preProject
		tests\Directory.Build.props = tests\Directory.Build.props
	EndProjectSection
EndProject
Project("{9A19103F-16F7-4668-BE54-9A1E7A4F7556}") = "ActionsToolkitSharp.Core.Tests", "tests\ActionsToolkitSharp.Core.Tests\ActionsToolkitSharp.Core.Tests.csproj", "{D1D73255-F877-4F77-A751-A7AD7A33DF3B}"
EndProject
Project("{2150E333-8FDC-42A3-9474-1A3956D46DE8}") = "Solution Items", "Solution Items", "{9A70F58D-F8A7-4AAE-A34C-3E7AE2BF246D}"
	ProjectSection(SolutionItems) = preProject
		.editorconfig = .editorconfig
		.github\actions\build\action.yml = .github\actions\build\action.yml
		.github\workflows\build-and-test.yml = .github\workflows\build-and-test.yml
		.github\workflows\codeql-analysis.yml = .github\workflows\codeql-analysis.yml
		Directory.Build.props = Directory.Build.props
		Directory.Build.targets = Directory.Build.targets
		Directory.Packages.props = Directory.Packages.props
		global.json = global.json
		LICENSE = LICENSE
		PACKAGES.md = PACKAGES.md
		.github\workflows\publish.yml = .github\workflows\publish.yml
		README.md = README.md
	EndProjectSection
EndProject
Project("{2150E333-8FDC-42A3-9474-1A3956D46DE8}") = "samples", "samples", "{C5358CA3-CAA9-43F6-9696-4AEFA18AD581}"
	ProjectSection(SolutionItems) = preProject
		samples\Directory.Build.props = samples\Directory.Build.props
	EndProjectSection
EndProject
Project("{9A19103F-16F7-4668-BE54-9A1E7A4F7556}") = "ActionsToolkitSharp.Core.Sample", "samples\ActionsToolkitSharp.Core.Sample\ActionsToolkitSharp.Core.Sample.csproj", "{2C5BDF3F-726C-4D1B-91D9-AB4209B9DD3C}"
EndProject
Project("{9A19103F-16F7-4668-BE54-9A1E7A4F7556}") = "ActionsToolkitSharp.Octokit", "src\ActionsToolkitSharp.Octokit\ActionsToolkitSharp.Octokit.csproj", "{2CC93064-96E3-40E3-A328-C87C3D2BA0C5}"
EndProject
Project("{9A19103F-16F7-4668-BE54-9A1E7A4F7556}") = "ActionsToolkitSharp.Glob", "src\ActionsToolkitSharp.Glob\ActionsToolkitSharp.Glob.csproj", "{D6DBA375-F734-47A5-8D9F-DA599F3EA4D7}"
EndProject
Project("{9A19103F-16F7-4668-BE54-9A1E7A4F7556}") = "ActionsToolkitSharp.Glob.Tests", "tests\ActionsToolkitSharp.Glob.Tests\ActionsToolkitSharp.Glob.Tests.csproj", "{45B859EF-C734-4143-855E-8162063BDB60}"
EndProject
Project("{9A19103F-16F7-4668-BE54-9A1E7A4F7556}") = "ActionsToolkitSharp.Glob.Sample", "samples\ActionsToolkitSharp.Glob.Sample\ActionsToolkitSharp.Glob.Sample.csproj", "{756F83A6-25E2-44B9-92D0-D74961D10EE5}"
EndProject
Project("{9A19103F-16F7-4668-BE54-9A1E7A4F7556}") = "ActionsToolkitSharp.IO", "src\ActionsToolkitSharp.IO\ActionsToolkitSharp.IO.csproj", "{A150FB1F-0388-4FF3-B9FE-03AF72A451FF}"
EndProject
Project("{9A19103F-16F7-4668-BE54-9A1E7A4F7556}") = "ActionsToolkitSharp.IO.Tests", "tests\ActionsToolkitSharp.IO.Tests\ActionsToolkitSharp.IO.Tests.csproj", "{F0D351B4-8FB2-4729-9C93-530AB71237E4}"
EndProject
Project("{9A19103F-16F7-4668-BE54-9A1E7A4F7556}") = "ActionsToolkitSharp.Octokit.Tests", "tests\ActionsToolkitSharp.Octokit.Tests\ActionsToolkitSharp.Octokit.Tests.csproj", "{1987D078-C132-4BAF-8BCC-DB11168B3B1D}"
EndProject
Project("{2150E333-8FDC-42A3-9474-1A3956D46DE8}") = "playground", "playground", "{F176BEDF-7EF2-4B3B-AC60-74F3B15B1271}"
EndProject
Project("{9A19103F-16F7-4668-BE54-9A1E7A4F7556}") = "Octokit.Sandbox", "playground\Octokit.Sandbox\Octokit.Sandbox.csproj", "{15747619-FE95-451A-AE69-EB7567E0FF44}"
EndProject
Project("{9A19103F-16F7-4668-BE54-9A1E7A4F7556}") = "ActionsToolkitSharp.HttpClient", "src\ActionsToolkitSharp.HttpClient\ActionsToolkitSharp.HttpClient.csproj", "{2B185665-CB39-4457-8B16-AACBCDF58DE8}"
EndProject
Project("{9A19103F-16F7-4668-BE54-9A1E7A4F7556}") = "ActionsToolkitSharp.HttpClient.Tests", "tests\ActionsToolkitSharp.HttpClient.Tests\ActionsToolkitSharp.HttpClient.Tests.csproj", "{30D9FC5A-465B-4B53-A20C-7774F4AFBE7E}"
EndProject
Project("{FAE04EC0-301F-11D3-BF4B-00C04F79EFBC}") = "ActionsToolkitSharp.Core.Aot.Tests", "tests\ActionsToolkitSharp.Core.Aot.Tests\ActionsToolkitSharp.Core.Aot.Tests.csproj", "{093A0A92-1531-49F1-BBDE-D4D0E385B78A}"
EndProject
Project("{FAE04EC0-301F-11D3-BF4B-00C04F79EFBC}") = "Core.AotConsumer", "tests\ActionsToolkitSharp.Core.Aot.Tests\AotConsumer\Core.AotConsumer.csproj", "{5CF0EC77-A67B-42B4-A8BC-C266FD3AF63C}"
EndProject
Project("{FAE04EC0-301F-11D3-BF4B-00C04F79EFBC}") = "ActionsToolkitSharp.Glob.Aot.Tests", "tests\ActionsToolkitSharp.Glob.Aot.Tests\ActionsToolkitSharp.Glob.Aot.Tests.csproj", "{62743E4E-DD27-43C9-B29A-E1C03603D14D}"
EndProject
Project("{FAE04EC0-301F-11D3-BF4B-00C04F79EFBC}") = "Glob.AotConsumer", "tests\ActionsToolkitSharp.Glob.Aot.Tests\AotConsumer\Glob.AotConsumer.csproj", "{F9917C0F-7808-49A7-B157-F58AC5486D1A}"
EndProject
Project("{FAE04EC0-301F-11D3-BF4B-00C04F79EFBC}") = "ActionsToolkitSharp.HttpClient.Aot.Tests", "tests\ActionsToolkitSharp.HttpClient.Aot.Tests\ActionsToolkitSharp.HttpClient.Aot.Tests.csproj", "{AA3C716A-999A-46CA-B8CF-9AC23D78CC05}"
EndProject
Project("{FAE04EC0-301F-11D3-BF4B-00C04F79EFBC}") = "HttpClient.AotConsumer", "tests\ActionsToolkitSharp.HttpClient.Aot.Tests\AotConsumer\HttpClient.AotConsumer.csproj", "{D776A3FE-3781-48A5-BFFE-52BF4F541D2F}"
EndProject
Project("{FAE04EC0-301F-11D3-BF4B-00C04F79EFBC}") = "ActionsToolkitSharp.IO.Aot.Tests", "tests\ActionsToolkitSharp.IO.Aot.Tests\ActionsToolkitSharp.IO.Aot.Tests.csproj", "{3D242F93-74B0-47A7-A63E-BAE50E1EC2C6}"
EndProject
Project("{FAE04EC0-301F-11D3-BF4B-00C04F79EFBC}") = "IO.AotConsumer", "tests\ActionsToolkitSharp.IO.Aot.Tests\AotConsumer\IO.AotConsumer.csproj", "{D54AA665-0990-4B3D-B5FB-476843421437}"
EndProject
Project("{FAE04EC0-301F-11D3-BF4B-00C04F79EFBC}") = "ActionsToolkitSharp.Octokit.Aot.Tests", "tests\ActionsToolkitSharp.Octokit.Aot.Tests\ActionsToolkitSharp.Octokit.Aot.Tests.csproj", "{107B02CB-0A0B-426D-A070-EB2376C0C12B}"
EndProject
Project("{FAE04EC0-301F-11D3-BF4B-00C04F79EFBC}") = "Octokit.AotConsumer", "tests\ActionsToolkitSharp.Octokit.Aot.Tests\AotConsumer\Octokit.AotConsumer.csproj", "{557BF16C-2DAC-40C3-A753-F7902D1D1D67}"
EndProject
Project("{FAE04EC0-301F-11D3-BF4B-00C04F79EFBC}") = "ActionsToolkitSharp.Exec", "src\ActionsToolkitSharp.Exec\ActionsToolkitSharp.Exec.csproj", "{33A413DA-3C28-4984-BAE9-5C078E35D2C8}"
EndProject
Project("{FAE04EC0-301F-11D3-BF4B-00C04F79EFBC}") = "ActionsToolkitSharp.Exec.Tests", "tests\ActionsToolkitSharp.Exec.Tests\ActionsToolkitSharp.Exec.Tests.csproj", "{D177BCAF-A40D-45C9-89E3-F298C367945E}"
EndProject
Project("{FAE04EC0-301F-11D3-BF4B-00C04F79EFBC}") = "ActionsToolkitSharp.Exec.Aot.Tests", "tests\ActionsToolkitSharp.Exec.Aot.Tests\ActionsToolkitSharp.Exec.Aot.Tests.csproj", "{BD7DFD19-D87C-4555-BDB7-394934A0EE64}"
EndProject
Project("{FAE04EC0-301F-11D3-BF4B-00C04F79EFBC}") = "Exec.AotConsumer", "tests\ActionsToolkitSharp.Exec.Aot.Tests\AotConsumer\Exec.AotConsumer.csproj", "{C0F4DF05-C523-49A2-9DE0-D74C7EC98C15}"
EndProject
Project("{FAE04EC0-301F-11D3-BF4B-00C04F79EFBC}") = "ActionsToolkitSharp.ToolCache", "src\ActionsToolkitSharp.ToolCache\ActionsToolkitSharp.ToolCache.csproj", "{463C9BAB-3AFB-4681-AA6A-946A5ECF076F}"
EndProject
Project("{FAE04EC0-301F-11D3-BF4B-00C04F79EFBC}") = "ActionsToolkitSharp.ToolCache.Tests", "tests\ActionsToolkitSharp.ToolCache.Tests\ActionsToolkitSharp.ToolCache.Tests.csproj", "{ED5B7FB5-7017-4DF4-B57E-ED054D68ECB0}"
EndProject
Project("{FAE04EC0-301F-11D3-BF4B-00C04F79EFBC}") = "ActionsToolkitSharp.ToolCache.Aot.Tests", "tests\ActionsToolkitSharp.ToolCache.Aot.Tests\ActionsToolkitSharp.ToolCache.Aot.Tests.csproj", "{B3AF16CA-4311-485C-9FF5-517184CE5E61}"
EndProject
Project("{FAE04EC0-301F-11D3-BF4B-00C04F79EFBC}") = "ToolCache.AotConsumer", "tests\ActionsToolkitSharp.ToolCache.Aot.Tests\AotConsumer\ToolCache.AotConsumer.csproj", "{51A34D1D-C362-43C0-BD10-5FC716E3F806}"
EndProject
Project("{FAE04EC0-301F-11D3-BF4B-00C04F79EFBC}") = "ActionsToolkitSharp.Artifact", "src\ActionsToolkitSharp.Artifact\ActionsToolkitSharp.Artifact.csproj", "{F72CA0B4-88D5-4140-95C4-B5E976328F41}"
EndProject
Project("{FAE04EC0-301F-11D3-BF4B-00C04F79EFBC}") = "ActionsToolkitSharp.Artifact.Sample", "samples\ActionsToolkitSharp.Artifact.Sample\ActionsToolkitSharp.Artifact.Sample.csproj", "{FFE70A33-F03A-4477-AB1D-A4EDADDC3EF8}"
EndProject
Project("{FAE04EC0-301F-11D3-BF4B-00C04F79EFBC}") = "ActionsToolkitSharp.Attest", "src\ActionsToolkitSharp.Attest\ActionsToolkitSharp.Attest.csproj", "{43B57ED4-7D6A-4DD8-97CF-22191E8497DF}"
EndProject
Project("{FAE04EC0-301F-11D3-BF4B-00C04F79EFBC}") = "ActionsToolkitSharp.Attest.Tests", "tests\ActionsToolkitSharp.Attest.Tests\ActionsToolkitSharp.Attest.Tests.csproj", "{4ED6E379-A658-434B-8225-A89CF66E1AB3}"
EndProject
Project("{FAE04EC0-301F-11D3-BF4B-00C04F79EFBC}") = "ActionsToolkitSharp.Attest.Aot.Tests", "tests\ActionsToolkitSharp.Attest.Aot.Tests\ActionsToolkitSharp.Attest.Aot.Tests.csproj", "{0FB63627-334A-4316-A9BF-7DE205D4B153}"
EndProject
Project("{FAE04EC0-301F-11D3-BF4B-00C04F79EFBC}") = "Attest.AotConsumer", "tests\ActionsToolkitSharp.Attest.Aot.Tests\AotConsumer\Attest.AotConsumer.csproj", "{B4948263-9C45-4572-8944-739217D9DBA3}"
EndProject
Project("{FAE04EC0-301F-11D3-BF4B-00C04F79EFBC}") = "ActionsToolkitSharp.Attest.Sample", "samples\ActionsToolkitSharp.Attest.Sample\ActionsToolkitSharp.Attest.Sample.csproj", "{0FFC876C-6CD5-47D5-81FC-07D1DCB2F9B0}"
EndProject
Project("{FAE04EC0-301F-11D3-BF4B-00C04F79EFBC}") = "ActionsToolkitSharp.Artifact.Tests", "tests\ActionsToolkitSharp.Artifact.Tests\ActionsToolkitSharp.Artifact.Tests.csproj", "{435DF5DF-91D2-41B7-8371-8B407222D44F}"
EndProject
Project("{FAE04EC0-301F-11D3-BF4B-00C04F79EFBC}") = "ActionsToolkitSharp.Artifact.Aot.Tests", "tests\ActionsToolkitSharp.Artifact.Aot.Tests\ActionsToolkitSharp.Artifact.Aot.Tests.csproj", "{585C7CF4-94C3-4C29-83D1-DAAF5E6ADDF0}"
EndProject
Project("{FAE04EC0-301F-11D3-BF4B-00C04F79EFBC}") = "Artifact.AotConsumer", "tests\ActionsToolkitSharp.Artifact.Aot.Tests\AotConsumer\Artifact.AotConsumer.csproj", "{116A2F37-2AFB-43E3-8A5E-97763FFB2842}"
EndProject
Project("{FAE04EC0-301F-11D3-BF4B-00C04F79EFBC}") = "ActionsToolkitSharp.Cache", "src\ActionsToolkitSharp.Cache\ActionsToolkitSharp.Cache.csproj", "{54F5E687-6567-42B8-A964-D49C294FD68D}"
EndProject
Project("{FAE04EC0-301F-11D3-BF4B-00C04F79EFBC}") = "ActionsToolkitSharp.Cache.Tests", "tests\ActionsToolkitSharp.Cache.Tests\ActionsToolkitSharp.Cache.Tests.csproj", "{AFDE8555-2CFF-4336-ACE0-C23F3FC5322B}"
EndProject
Project("{FAE04EC0-301F-11D3-BF4B-00C04F79EFBC}") = "ActionsToolkitSharp.Cache.Aot.Tests", "tests\ActionsToolkitSharp.Cache.Aot.Tests\ActionsToolkitSharp.Cache.Aot.Tests.csproj", "{89D315B1-C7C0-4491-8E49-7561D777B1A0}"
EndProject
Project("{FAE04EC0-301F-11D3-BF4B-00C04F79EFBC}") = "Cache.AotConsumer", "tests\ActionsToolkitSharp.Cache.Aot.Tests\AotConsumer\Cache.AotConsumer.csproj", "{A6616AAF-AA0A-490C-87F3-ED401F7B9E07}"
EndProject
Project("{FAE04EC0-301F-11D3-BF4B-00C04F79EFBC}") = "ActionsToolkitSharp.Cache.Sample", "samples\ActionsToolkitSharp.Cache.Sample\ActionsToolkitSharp.Cache.Sample.csproj", "{F5597001-7FF1-427D-860E-31DF2D97460D}"
EndProject
Global
	GlobalSection(SolutionConfigurationPlatforms) = preSolution
		Debug|Any CPU = Debug|Any CPU
		Debug|x64 = Debug|x64
		Debug|x86 = Debug|x86
		Release|Any CPU = Release|Any CPU
		Release|x64 = Release|x64
		Release|x86 = Release|x86
	EndGlobalSection
	GlobalSection(ProjectConfigurationPlatforms) = postSolution
		{174AD50C-7E65-4467-A9EB-3FA372E3BCFD}.Debug|Any CPU.ActiveCfg = Debug|Any CPU
		{174AD50C-7E65-4467-A9EB-3FA372E3BCFD}.Debug|Any CPU.Build.0 = Debug|Any CPU
		{174AD50C-7E65-4467-A9EB-3FA372E3BCFD}.Debug|x64.ActiveCfg = Debug|Any CPU
		{174AD50C-7E65-4467-A9EB-3FA372E3BCFD}.Debug|x64.Build.0 = Debug|Any CPU
		{174AD50C-7E65-4467-A9EB-3FA372E3BCFD}.Debug|x86.ActiveCfg = Debug|Any CPU
		{174AD50C-7E65-4467-A9EB-3FA372E3BCFD}.Debug|x86.Build.0 = Debug|Any CPU
		{174AD50C-7E65-4467-A9EB-3FA372E3BCFD}.Release|Any CPU.ActiveCfg = Release|Any CPU
		{174AD50C-7E65-4467-A9EB-3FA372E3BCFD}.Release|Any CPU.Build.0 = Release|Any CPU
		{174AD50C-7E65-4467-A9EB-3FA372E3BCFD}.Release|x64.ActiveCfg = Release|Any CPU
		{174AD50C-7E65-4467-A9EB-3FA372E3BCFD}.Release|x64.Build.0 = Release|Any CPU
		{174AD50C-7E65-4467-A9EB-3FA372E3BCFD}.Release|x86.ActiveCfg = Release|Any CPU
		{174AD50C-7E65-4467-A9EB-3FA372E3BCFD}.Release|x86.Build.0 = Release|Any CPU
		{D1D73255-F877-4F77-A751-A7AD7A33DF3B}.Debug|Any CPU.ActiveCfg = Debug|Any CPU
		{D1D73255-F877-4F77-A751-A7AD7A33DF3B}.Debug|Any CPU.Build.0 = Debug|Any CPU
		{D1D73255-F877-4F77-A751-A7AD7A33DF3B}.Debug|x64.ActiveCfg = Debug|Any CPU
		{D1D73255-F877-4F77-A751-A7AD7A33DF3B}.Debug|x64.Build.0 = Debug|Any CPU
		{D1D73255-F877-4F77-A751-A7AD7A33DF3B}.Debug|x86.ActiveCfg = Debug|Any CPU
		{D1D73255-F877-4F77-A751-A7AD7A33DF3B}.Debug|x86.Build.0 = Debug|Any CPU
		{D1D73255-F877-4F77-A751-A7AD7A33DF3B}.Release|Any CPU.ActiveCfg = Release|Any CPU
		{D1D73255-F877-4F77-A751-A7AD7A33DF3B}.Release|Any CPU.Build.0 = Release|Any CPU
		{D1D73255-F877-4F77-A751-A7AD7A33DF3B}.Release|x64.ActiveCfg = Release|Any CPU
		{D1D73255-F877-4F77-A751-A7AD7A33DF3B}.Release|x64.Build.0 = Release|Any CPU
		{D1D73255-F877-4F77-A751-A7AD7A33DF3B}.Release|x86.ActiveCfg = Release|Any CPU
		{D1D73255-F877-4F77-A751-A7AD7A33DF3B}.Release|x86.Build.0 = Release|Any CPU
		{2C5BDF3F-726C-4D1B-91D9-AB4209B9DD3C}.Debug|Any CPU.ActiveCfg = Debug|Any CPU
		{2C5BDF3F-726C-4D1B-91D9-AB4209B9DD3C}.Debug|Any CPU.Build.0 = Debug|Any CPU
		{2C5BDF3F-726C-4D1B-91D9-AB4209B9DD3C}.Debug|x64.ActiveCfg = Debug|Any CPU
		{2C5BDF3F-726C-4D1B-91D9-AB4209B9DD3C}.Debug|x64.Build.0 = Debug|Any CPU
		{2C5BDF3F-726C-4D1B-91D9-AB4209B9DD3C}.Debug|x86.ActiveCfg = Debug|Any CPU
		{2C5BDF3F-726C-4D1B-91D9-AB4209B9DD3C}.Debug|x86.Build.0 = Debug|Any CPU
		{2C5BDF3F-726C-4D1B-91D9-AB4209B9DD3C}.Release|Any CPU.ActiveCfg = Release|Any CPU
		{2C5BDF3F-726C-4D1B-91D9-AB4209B9DD3C}.Release|Any CPU.Build.0 = Release|Any CPU
		{2C5BDF3F-726C-4D1B-91D9-AB4209B9DD3C}.Release|x64.ActiveCfg = Release|Any CPU
		{2C5BDF3F-726C-4D1B-91D9-AB4209B9DD3C}.Release|x64.Build.0 = Release|Any CPU
		{2C5BDF3F-726C-4D1B-91D9-AB4209B9DD3C}.Release|x86.ActiveCfg = Release|Any CPU
		{2C5BDF3F-726C-4D1B-91D9-AB4209B9DD3C}.Release|x86.Build.0 = Release|Any CPU
		{2CC93064-96E3-40E3-A328-C87C3D2BA0C5}.Debug|Any CPU.ActiveCfg = Debug|Any CPU
		{2CC93064-96E3-40E3-A328-C87C3D2BA0C5}.Debug|Any CPU.Build.0 = Debug|Any CPU
		{2CC93064-96E3-40E3-A328-C87C3D2BA0C5}.Debug|x64.ActiveCfg = Debug|Any CPU
		{2CC93064-96E3-40E3-A328-C87C3D2BA0C5}.Debug|x64.Build.0 = Debug|Any CPU
		{2CC93064-96E3-40E3-A328-C87C3D2BA0C5}.Debug|x86.ActiveCfg = Debug|Any CPU
		{2CC93064-96E3-40E3-A328-C87C3D2BA0C5}.Debug|x86.Build.0 = Debug|Any CPU
		{2CC93064-96E3-40E3-A328-C87C3D2BA0C5}.Release|Any CPU.ActiveCfg = Release|Any CPU
		{2CC93064-96E3-40E3-A328-C87C3D2BA0C5}.Release|Any CPU.Build.0 = Release|Any CPU
		{2CC93064-96E3-40E3-A328-C87C3D2BA0C5}.Release|x64.ActiveCfg = Release|Any CPU
		{2CC93064-96E3-40E3-A328-C87C3D2BA0C5}.Release|x64.Build.0 = Release|Any CPU
		{2CC93064-96E3-40E3-A328-C87C3D2BA0C5}.Release|x86.ActiveCfg = Release|Any CPU
		{2CC93064-96E3-40E3-A328-C87C3D2BA0C5}.Release|x86.Build.0 = Release|Any CPU
		{D6DBA375-F734-47A5-8D9F-DA599F3EA4D7}.Debug|Any CPU.ActiveCfg = Debug|Any CPU
		{D6DBA375-F734-47A5-8D9F-DA599F3EA4D7}.Debug|Any CPU.Build.0 = Debug|Any CPU
		{D6DBA375-F734-47A5-8D9F-DA599F3EA4D7}.Debug|x64.ActiveCfg = Debug|Any CPU
		{D6DBA375-F734-47A5-8D9F-DA599F3EA4D7}.Debug|x64.Build.0 = Debug|Any CPU
		{D6DBA375-F734-47A5-8D9F-DA599F3EA4D7}.Debug|x86.ActiveCfg = Debug|Any CPU
		{D6DBA375-F734-47A5-8D9F-DA599F3EA4D7}.Debug|x86.Build.0 = Debug|Any CPU
		{D6DBA375-F734-47A5-8D9F-DA599F3EA4D7}.Release|Any CPU.ActiveCfg = Release|Any CPU
		{D6DBA375-F734-47A5-8D9F-DA599F3EA4D7}.Release|Any CPU.Build.0 = Release|Any CPU
		{D6DBA375-F734-47A5-8D9F-DA599F3EA4D7}.Release|x64.ActiveCfg = Release|Any CPU
		{D6DBA375-F734-47A5-8D9F-DA599F3EA4D7}.Release|x64.Build.0 = Release|Any CPU
		{D6DBA375-F734-47A5-8D9F-DA599F3EA4D7}.Release|x86.ActiveCfg = Release|Any CPU
		{D6DBA375-F734-47A5-8D9F-DA599F3EA4D7}.Release|x86.Build.0 = Release|Any CPU
		{45B859EF-C734-4143-855E-8162063BDB60}.Debug|Any CPU.ActiveCfg = Debug|Any CPU
		{45B859EF-C734-4143-855E-8162063BDB60}.Debug|Any CPU.Build.0 = Debug|Any CPU
		{45B859EF-C734-4143-855E-8162063BDB60}.Debug|x64.ActiveCfg = Debug|Any CPU
		{45B859EF-C734-4143-855E-8162063BDB60}.Debug|x64.Build.0 = Debug|Any CPU
		{45B859EF-C734-4143-855E-8162063BDB60}.Debug|x86.ActiveCfg = Debug|Any CPU
		{45B859EF-C734-4143-855E-8162063BDB60}.Debug|x86.Build.0 = Debug|Any CPU
		{45B859EF-C734-4143-855E-8162063BDB60}.Release|Any CPU.ActiveCfg = Release|Any CPU
		{45B859EF-C734-4143-855E-8162063BDB60}.Release|Any CPU.Build.0 = Release|Any CPU
		{45B859EF-C734-4143-855E-8162063BDB60}.Release|x64.ActiveCfg = Release|Any CPU
		{45B859EF-C734-4143-855E-8162063BDB60}.Release|x64.Build.0 = Release|Any CPU
		{45B859EF-C734-4143-855E-8162063BDB60}.Release|x86.ActiveCfg = Release|Any CPU
		{45B859EF-C734-4143-855E-8162063BDB60}.Release|x86.Build.0 = Release|Any CPU
		{756F83A6-25E2-44B9-92D0-D74961D10EE5}.Debug|Any CPU.ActiveCfg = Debug|Any CPU
		{756F83A6-25E2-44B9-92D0-D74961D10EE5}.Debug|Any CPU.Build.0 = Debug|Any CPU
		{756F83A6-25E2-44B9-92D0-D74961D10EE5}.Debug|x64.ActiveCfg = Debug|Any CPU
		{756F83A6-25E2-44B9-92D0-D74961D10EE5}.Debug|x64.Build.0 = Debug|Any CPU
		{756F83A6-25E2-44B9-92D0-D74961D10EE5}.Debug|x86.ActiveCfg = Debug|Any CPU
		{756F83A6-25E2-44B9-92D0-D74961D10EE5}.Debug|x86.Build.0 = Debug|Any CPU
		{756F83A6-25E2-44B9-92D0-D74961D10EE5}.Release|Any CPU.ActiveCfg = Release|Any CPU
		{756F83A6-25E2-44B9-92D0-D74961D10EE5}.Release|Any CPU.Build.0 = Release|Any CPU
		{756F83A6-25E2-44B9-92D0-D74961D10EE5}.Release|x64.ActiveCfg = Release|Any CPU
		{756F83A6-25E2-44B9-92D0-D74961D10EE5}.Release|x64.Build.0 = Release|Any CPU
		{756F83A6-25E2-44B9-92D0-D74961D10EE5}.Release|x86.ActiveCfg = Release|Any CPU
		{756F83A6-25E2-44B9-92D0-D74961D10EE5}.Release|x86.Build.0 = Release|Any CPU
		{A150FB1F-0388-4FF3-B9FE-03AF72A451FF}.Debug|Any CPU.ActiveCfg = Debug|Any CPU
		{A150FB1F-0388-4FF3-B9FE-03AF72A451FF}.Debug|Any CPU.Build.0 = Debug|Any CPU
		{A150FB1F-0388-4FF3-B9FE-03AF72A451FF}.Debug|x64.ActiveCfg = Debug|Any CPU
		{A150FB1F-0388-4FF3-B9FE-03AF72A451FF}.Debug|x64.Build.0 = Debug|Any CPU
		{A150FB1F-0388-4FF3-B9FE-03AF72A451FF}.Debug|x86.ActiveCfg = Debug|Any CPU
		{A150FB1F-0388-4FF3-B9FE-03AF72A451FF}.Debug|x86.Build.0 = Debug|Any CPU
		{A150FB1F-0388-4FF3-B9FE-03AF72A451FF}.Release|Any CPU.ActiveCfg = Release|Any CPU
		{A150FB1F-0388-4FF3-B9FE-03AF72A451FF}.Release|Any CPU.Build.0 = Release|Any CPU
		{A150FB1F-0388-4FF3-B9FE-03AF72A451FF}.Release|x64.ActiveCfg = Release|Any CPU
		{A150FB1F-0388-4FF3-B9FE-03AF72A451FF}.Release|x64.Build.0 = Release|Any CPU
		{A150FB1F-0388-4FF3-B9FE-03AF72A451FF}.Release|x86.ActiveCfg = Release|Any CPU
		{A150FB1F-0388-4FF3-B9FE-03AF72A451FF}.Release|x86.Build.0 = Release|Any CPU
		{F0D351B4-8FB2-4729-9C93-530AB71237E4}.Debug|Any CPU.ActiveCfg = Debug|Any CPU
		{F0D351B4-8FB2-4729-9C93-530AB71237E4}.Debug|Any CPU.Build.0 = Debug|Any CPU
		{F0D351B4-8FB2-4729-9C93-530AB71237E4}.Debug|x64.ActiveCfg = Debug|Any CPU
		{F0D351B4-8FB2-4729-9C93-530AB71237E4}.Debug|x64.Build.0 = Debug|Any CPU
		{F0D351B4-8FB2-4729-9C93-530AB71237E4}.Debug|x86.ActiveCfg = Debug|Any CPU
		{F0D351B4-8FB2-4729-9C93-530AB71237E4}.Debug|x86.Build.0 = Debug|Any CPU
		{F0D351B4-8FB2-4729-9C93-530AB71237E4}.Release|Any CPU.ActiveCfg = Release|Any CPU
		{F0D351B4-8FB2-4729-9C93-530AB71237E4}.Release|Any CPU.Build.0 = Release|Any CPU
		{F0D351B4-8FB2-4729-9C93-530AB71237E4}.Release|x64.ActiveCfg = Release|Any CPU
		{F0D351B4-8FB2-4729-9C93-530AB71237E4}.Release|x64.Build.0 = Release|Any CPU
		{F0D351B4-8FB2-4729-9C93-530AB71237E4}.Release|x86.ActiveCfg = Release|Any CPU
		{F0D351B4-8FB2-4729-9C93-530AB71237E4}.Release|x86.Build.0 = Release|Any CPU
		{1987D078-C132-4BAF-8BCC-DB11168B3B1D}.Debug|Any CPU.ActiveCfg = Debug|Any CPU
		{1987D078-C132-4BAF-8BCC-DB11168B3B1D}.Debug|Any CPU.Build.0 = Debug|Any CPU
		{1987D078-C132-4BAF-8BCC-DB11168B3B1D}.Debug|x64.ActiveCfg = Debug|Any CPU
		{1987D078-C132-4BAF-8BCC-DB11168B3B1D}.Debug|x64.Build.0 = Debug|Any CPU
		{1987D078-C132-4BAF-8BCC-DB11168B3B1D}.Debug|x86.ActiveCfg = Debug|Any CPU
		{1987D078-C132-4BAF-8BCC-DB11168B3B1D}.Debug|x86.Build.0 = Debug|Any CPU
		{1987D078-C132-4BAF-8BCC-DB11168B3B1D}.Release|Any CPU.ActiveCfg = Release|Any CPU
		{1987D078-C132-4BAF-8BCC-DB11168B3B1D}.Release|Any CPU.Build.0 = Release|Any CPU
		{1987D078-C132-4BAF-8BCC-DB11168B3B1D}.Release|x64.ActiveCfg = Release|Any CPU
		{1987D078-C132-4BAF-8BCC-DB11168B3B1D}.Release|x64.Build.0 = Release|Any CPU
		{1987D078-C132-4BAF-8BCC-DB11168B3B1D}.Release|x86.ActiveCfg = Release|Any CPU
		{1987D078-C132-4BAF-8BCC-DB11168B3B1D}.Release|x86.Build.0 = Release|Any CPU
		{15747619-FE95-451A-AE69-EB7567E0FF44}.Debug|Any CPU.ActiveCfg = Debug|Any CPU
		{15747619-FE95-451A-AE69-EB7567E0FF44}.Debug|Any CPU.Build.0 = Debug|Any CPU
		{15747619-FE95-451A-AE69-EB7567E0FF44}.Debug|x64.ActiveCfg = Debug|Any CPU
		{15747619-FE95-451A-AE69-EB7567E0FF44}.Debug|x64.Build.0 = Debug|Any CPU
		{15747619-FE95-451A-AE69-EB7567E0FF44}.Debug|x86.ActiveCfg = Debug|Any CPU
		{15747619-FE95-451A-AE69-EB7567E0FF44}.Debug|x86.Build.0 = Debug|Any CPU
		{15747619-FE95-451A-AE69-EB7567E0FF44}.Release|Any CPU.ActiveCfg = Release|Any CPU
		{15747619-FE95-451A-AE69-EB7567E0FF44}.Release|Any CPU.Build.0 = Release|Any CPU
		{15747619-FE95-451A-AE69-EB7567E0FF44}.Release|x64.ActiveCfg = Release|Any CPU
		{15747619-FE95-451A-AE69-EB7567E0FF44}.Release|x64.Build.0 = Release|Any CPU
		{15747619-FE95-451A-AE69-EB7567E0FF44}.Release|x86.ActiveCfg = Release|Any CPU
		{15747619-FE95-451A-AE69-EB7567E0FF44}.Release|x86.Build.0 = Release|Any CPU
		{2B185665-CB39-4457-8B16-AACBCDF58DE8}.Debug|Any CPU.ActiveCfg = Debug|Any CPU
		{2B185665-CB39-4457-8B16-AACBCDF58DE8}.Debug|Any CPU.Build.0 = Debug|Any CPU
		{2B185665-CB39-4457-8B16-AACBCDF58DE8}.Debug|x64.ActiveCfg = Debug|Any CPU
		{2B185665-CB39-4457-8B16-AACBCDF58DE8}.Debug|x64.Build.0 = Debug|Any CPU
		{2B185665-CB39-4457-8B16-AACBCDF58DE8}.Debug|x86.ActiveCfg = Debug|Any CPU
		{2B185665-CB39-4457-8B16-AACBCDF58DE8}.Debug|x86.Build.0 = Debug|Any CPU
		{2B185665-CB39-4457-8B16-AACBCDF58DE8}.Release|Any CPU.ActiveCfg = Release|Any CPU
		{2B185665-CB39-4457-8B16-AACBCDF58DE8}.Release|Any CPU.Build.0 = Release|Any CPU
		{2B185665-CB39-4457-8B16-AACBCDF58DE8}.Release|x64.ActiveCfg = Release|Any CPU
		{2B185665-CB39-4457-8B16-AACBCDF58DE8}.Release|x64.Build.0 = Release|Any CPU
		{2B185665-CB39-4457-8B16-AACBCDF58DE8}.Release|x86.ActiveCfg = Release|Any CPU
		{2B185665-CB39-4457-8B16-AACBCDF58DE8}.Release|x86.Build.0 = Release|Any CPU
		{30D9FC5A-465B-4B53-A20C-7774F4AFBE7E}.Debug|Any CPU.ActiveCfg = Debug|Any CPU
		{30D9FC5A-465B-4B53-A20C-7774F4AFBE7E}.Debug|Any CPU.Build.0 = Debug|Any CPU
		{30D9FC5A-465B-4B53-A20C-7774F4AFBE7E}.Debug|x64.ActiveCfg = Debug|Any CPU
		{30D9FC5A-465B-4B53-A20C-7774F4AFBE7E}.Debug|x64.Build.0 = Debug|Any CPU
		{30D9FC5A-465B-4B53-A20C-7774F4AFBE7E}.Debug|x86.ActiveCfg = Debug|Any CPU
		{30D9FC5A-465B-4B53-A20C-7774F4AFBE7E}.Debug|x86.Build.0 = Debug|Any CPU
		{30D9FC5A-465B-4B53-A20C-7774F4AFBE7E}.Release|Any CPU.ActiveCfg = Release|Any CPU
		{30D9FC5A-465B-4B53-A20C-7774F4AFBE7E}.Release|Any CPU.Build.0 = Release|Any CPU
		{30D9FC5A-465B-4B53-A20C-7774F4AFBE7E}.Release|x64.ActiveCfg = Release|Any CPU
		{30D9FC5A-465B-4B53-A20C-7774F4AFBE7E}.Release|x64.Build.0 = Release|Any CPU
		{30D9FC5A-465B-4B53-A20C-7774F4AFBE7E}.Release|x86.ActiveCfg = Release|Any CPU
		{30D9FC5A-465B-4B53-A20C-7774F4AFBE7E}.Release|x86.Build.0 = Release|Any CPU
		{093A0A92-1531-49F1-BBDE-D4D0E385B78A}.Debug|Any CPU.ActiveCfg = Debug|Any CPU
		{093A0A92-1531-49F1-BBDE-D4D0E385B78A}.Debug|Any CPU.Build.0 = Debug|Any CPU
		{093A0A92-1531-49F1-BBDE-D4D0E385B78A}.Debug|x64.ActiveCfg = Debug|Any CPU
		{093A0A92-1531-49F1-BBDE-D4D0E385B78A}.Debug|x64.Build.0 = Debug|Any CPU
		{093A0A92-1531-49F1-BBDE-D4D0E385B78A}.Debug|x86.ActiveCfg = Debug|Any CPU
		{093A0A92-1531-49F1-BBDE-D4D0E385B78A}.Debug|x86.Build.0 = Debug|Any CPU
		{093A0A92-1531-49F1-BBDE-D4D0E385B78A}.Release|Any CPU.ActiveCfg = Release|Any CPU
		{093A0A92-1531-49F1-BBDE-D4D0E385B78A}.Release|Any CPU.Build.0 = Release|Any CPU
		{093A0A92-1531-49F1-BBDE-D4D0E385B78A}.Release|x64.ActiveCfg = Release|Any CPU
		{093A0A92-1531-49F1-BBDE-D4D0E385B78A}.Release|x64.Build.0 = Release|Any CPU
		{093A0A92-1531-49F1-BBDE-D4D0E385B78A}.Release|x86.ActiveCfg = Release|Any CPU
		{093A0A92-1531-49F1-BBDE-D4D0E385B78A}.Release|x86.Build.0 = Release|Any CPU
		{5CF0EC77-A67B-42B4-A8BC-C266FD3AF63C}.Debug|Any CPU.ActiveCfg = Debug|Any CPU
		{5CF0EC77-A67B-42B4-A8BC-C266FD3AF63C}.Debug|Any CPU.Build.0 = Debug|Any CPU
		{5CF0EC77-A67B-42B4-A8BC-C266FD3AF63C}.Debug|x64.ActiveCfg = Debug|Any CPU
		{5CF0EC77-A67B-42B4-A8BC-C266FD3AF63C}.Debug|x64.Build.0 = Debug|Any CPU
		{5CF0EC77-A67B-42B4-A8BC-C266FD3AF63C}.Debug|x86.ActiveCfg = Debug|Any CPU
		{5CF0EC77-A67B-42B4-A8BC-C266FD3AF63C}.Debug|x86.Build.0 = Debug|Any CPU
		{5CF0EC77-A67B-42B4-A8BC-C266FD3AF63C}.Release|Any CPU.ActiveCfg = Release|Any CPU
		{5CF0EC77-A67B-42B4-A8BC-C266FD3AF63C}.Release|Any CPU.Build.0 = Release|Any CPU
		{5CF0EC77-A67B-42B4-A8BC-C266FD3AF63C}.Release|x64.ActiveCfg = Release|Any CPU
		{5CF0EC77-A67B-42B4-A8BC-C266FD3AF63C}.Release|x64.Build.0 = Release|Any CPU
		{5CF0EC77-A67B-42B4-A8BC-C266FD3AF63C}.Release|x86.ActiveCfg = Release|Any CPU
		{5CF0EC77-A67B-42B4-A8BC-C266FD3AF63C}.Release|x86.Build.0 = Release|Any CPU
		{62743E4E-DD27-43C9-B29A-E1C03603D14D}.Debug|Any CPU.ActiveCfg = Debug|Any CPU
		{62743E4E-DD27-43C9-B29A-E1C03603D14D}.Debug|Any CPU.Build.0 = Debug|Any CPU
		{62743E4E-DD27-43C9-B29A-E1C03603D14D}.Debug|x64.ActiveCfg = Debug|Any CPU
		{62743E4E-DD27-43C9-B29A-E1C03603D14D}.Debug|x64.Build.0 = Debug|Any CPU
		{62743E4E-DD27-43C9-B29A-E1C03603D14D}.Debug|x86.ActiveCfg = Debug|Any CPU
		{62743E4E-DD27-43C9-B29A-E1C03603D14D}.Debug|x86.Build.0 = Debug|Any CPU
		{62743E4E-DD27-43C9-B29A-E1C03603D14D}.Release|Any CPU.ActiveCfg = Release|Any CPU
		{62743E4E-DD27-43C9-B29A-E1C03603D14D}.Release|Any CPU.Build.0 = Release|Any CPU
		{62743E4E-DD27-43C9-B29A-E1C03603D14D}.Release|x64.ActiveCfg = Release|Any CPU
		{62743E4E-DD27-43C9-B29A-E1C03603D14D}.Release|x64.Build.0 = Release|Any CPU
		{62743E4E-DD27-43C9-B29A-E1C03603D14D}.Release|x86.ActiveCfg = Release|Any CPU
		{62743E4E-DD27-43C9-B29A-E1C03603D14D}.Release|x86.Build.0 = Release|Any CPU
		{F9917C0F-7808-49A7-B157-F58AC5486D1A}.Debug|Any CPU.ActiveCfg = Debug|Any CPU
		{F9917C0F-7808-49A7-B157-F58AC5486D1A}.Debug|Any CPU.Build.0 = Debug|Any CPU
		{F9917C0F-7808-49A7-B157-F58AC5486D1A}.Debug|x64.ActiveCfg = Debug|Any CPU
		{F9917C0F-7808-49A7-B157-F58AC5486D1A}.Debug|x64.Build.0 = Debug|Any CPU
		{F9917C0F-7808-49A7-B157-F58AC5486D1A}.Debug|x86.ActiveCfg = Debug|Any CPU
		{F9917C0F-7808-49A7-B157-F58AC5486D1A}.Debug|x86.Build.0 = Debug|Any CPU
		{F9917C0F-7808-49A7-B157-F58AC5486D1A}.Release|Any CPU.ActiveCfg = Release|Any CPU
		{F9917C0F-7808-49A7-B157-F58AC5486D1A}.Release|Any CPU.Build.0 = Release|Any CPU
		{F9917C0F-7808-49A7-B157-F58AC5486D1A}.Release|x64.ActiveCfg = Release|Any CPU
		{F9917C0F-7808-49A7-B157-F58AC5486D1A}.Release|x64.Build.0 = Release|Any CPU
		{F9917C0F-7808-49A7-B157-F58AC5486D1A}.Release|x86.ActiveCfg = Release|Any CPU
		{F9917C0F-7808-49A7-B157-F58AC5486D1A}.Release|x86.Build.0 = Release|Any CPU
		{AA3C716A-999A-46CA-B8CF-9AC23D78CC05}.Debug|Any CPU.ActiveCfg = Debug|Any CPU
		{AA3C716A-999A-46CA-B8CF-9AC23D78CC05}.Debug|Any CPU.Build.0 = Debug|Any CPU
		{AA3C716A-999A-46CA-B8CF-9AC23D78CC05}.Debug|x64.ActiveCfg = Debug|Any CPU
		{AA3C716A-999A-46CA-B8CF-9AC23D78CC05}.Debug|x64.Build.0 = Debug|Any CPU
		{AA3C716A-999A-46CA-B8CF-9AC23D78CC05}.Debug|x86.ActiveCfg = Debug|Any CPU
		{AA3C716A-999A-46CA-B8CF-9AC23D78CC05}.Debug|x86.Build.0 = Debug|Any CPU
		{AA3C716A-999A-46CA-B8CF-9AC23D78CC05}.Release|Any CPU.ActiveCfg = Release|Any CPU
		{AA3C716A-999A-46CA-B8CF-9AC23D78CC05}.Release|Any CPU.Build.0 = Release|Any CPU
		{AA3C716A-999A-46CA-B8CF-9AC23D78CC05}.Release|x64.ActiveCfg = Release|Any CPU
		{AA3C716A-999A-46CA-B8CF-9AC23D78CC05}.Release|x64.Build.0 = Release|Any CPU
		{AA3C716A-999A-46CA-B8CF-9AC23D78CC05}.Release|x86.ActiveCfg = Release|Any CPU
		{AA3C716A-999A-46CA-B8CF-9AC23D78CC05}.Release|x86.Build.0 = Release|Any CPU
		{D776A3FE-3781-48A5-BFFE-52BF4F541D2F}.Debug|Any CPU.ActiveCfg = Debug|Any CPU
		{D776A3FE-3781-48A5-BFFE-52BF4F541D2F}.Debug|Any CPU.Build.0 = Debug|Any CPU
		{D776A3FE-3781-48A5-BFFE-52BF4F541D2F}.Debug|x64.ActiveCfg = Debug|Any CPU
		{D776A3FE-3781-48A5-BFFE-52BF4F541D2F}.Debug|x64.Build.0 = Debug|Any CPU
		{D776A3FE-3781-48A5-BFFE-52BF4F541D2F}.Debug|x86.ActiveCfg = Debug|Any CPU
		{D776A3FE-3781-48A5-BFFE-52BF4F541D2F}.Debug|x86.Build.0 = Debug|Any CPU
		{D776A3FE-3781-48A5-BFFE-52BF4F541D2F}.Release|Any CPU.ActiveCfg = Release|Any CPU
		{D776A3FE-3781-48A5-BFFE-52BF4F541D2F}.Release|Any CPU.Build.0 = Release|Any CPU
		{D776A3FE-3781-48A5-BFFE-52BF4F541D2F}.Release|x64.ActiveCfg = Release|Any CPU
		{D776A3FE-3781-48A5-BFFE-52BF4F541D2F}.Release|x64.Build.0 = Release|Any CPU
		{D776A3FE-3781-48A5-BFFE-52BF4F541D2F}.Release|x86.ActiveCfg = Release|Any CPU
		{D776A3FE-3781-48A5-BFFE-52BF4F541D2F}.Release|x86.Build.0 = Release|Any CPU
		{3D242F93-74B0-47A7-A63E-BAE50E1EC2C6}.Debug|Any CPU.ActiveCfg = Debug|Any CPU
		{3D242F93-74B0-47A7-A63E-BAE50E1EC2C6}.Debug|Any CPU.Build.0 = Debug|Any CPU
		{3D242F93-74B0-47A7-A63E-BAE50E1EC2C6}.Debug|x64.ActiveCfg = Debug|Any CPU
		{3D242F93-74B0-47A7-A63E-BAE50E1EC2C6}.Debug|x64.Build.0 = Debug|Any CPU
		{3D242F93-74B0-47A7-A63E-BAE50E1EC2C6}.Debug|x86.ActiveCfg = Debug|Any CPU
		{3D242F93-74B0-47A7-A63E-BAE50E1EC2C6}.Debug|x86.Build.0 = Debug|Any CPU
		{3D242F93-74B0-47A7-A63E-BAE50E1EC2C6}.Release|Any CPU.ActiveCfg = Release|Any CPU
		{3D242F93-74B0-47A7-A63E-BAE50E1EC2C6}.Release|Any CPU.Build.0 = Release|Any CPU
		{3D242F93-74B0-47A7-A63E-BAE50E1EC2C6}.Release|x64.ActiveCfg = Release|Any CPU
		{3D242F93-74B0-47A7-A63E-BAE50E1EC2C6}.Release|x64.Build.0 = Release|Any CPU
		{3D242F93-74B0-47A7-A63E-BAE50E1EC2C6}.Release|x86.ActiveCfg = Release|Any CPU
		{3D242F93-74B0-47A7-A63E-BAE50E1EC2C6}.Release|x86.Build.0 = Release|Any CPU
		{D54AA665-0990-4B3D-B5FB-476843421437}.Debug|Any CPU.ActiveCfg = Debug|Any CPU
		{D54AA665-0990-4B3D-B5FB-476843421437}.Debug|Any CPU.Build.0 = Debug|Any CPU
		{D54AA665-0990-4B3D-B5FB-476843421437}.Debug|x64.ActiveCfg = Debug|Any CPU
		{D54AA665-0990-4B3D-B5FB-476843421437}.Debug|x64.Build.0 = Debug|Any CPU
		{D54AA665-0990-4B3D-B5FB-476843421437}.Debug|x86.ActiveCfg = Debug|Any CPU
		{D54AA665-0990-4B3D-B5FB-476843421437}.Debug|x86.Build.0 = Debug|Any CPU
		{D54AA665-0990-4B3D-B5FB-476843421437}.Release|Any CPU.ActiveCfg = Release|Any CPU
		{D54AA665-0990-4B3D-B5FB-476843421437}.Release|Any CPU.Build.0 = Release|Any CPU
		{D54AA665-0990-4B3D-B5FB-476843421437}.Release|x64.ActiveCfg = Release|Any CPU
		{D54AA665-0990-4B3D-B5FB-476843421437}.Release|x64.Build.0 = Release|Any CPU
		{D54AA665-0990-4B3D-B5FB-476843421437}.Release|x86.ActiveCfg = Release|Any CPU
		{D54AA665-0990-4B3D-B5FB-476843421437}.Release|x86.Build.0 = Release|Any CPU
		{107B02CB-0A0B-426D-A070-EB2376C0C12B}.Debug|Any CPU.ActiveCfg = Debug|Any CPU
		{107B02CB-0A0B-426D-A070-EB2376C0C12B}.Debug|Any CPU.Build.0 = Debug|Any CPU
		{107B02CB-0A0B-426D-A070-EB2376C0C12B}.Debug|x64.ActiveCfg = Debug|Any CPU
		{107B02CB-0A0B-426D-A070-EB2376C0C12B}.Debug|x64.Build.0 = Debug|Any CPU
		{107B02CB-0A0B-426D-A070-EB2376C0C12B}.Debug|x86.ActiveCfg = Debug|Any CPU
		{107B02CB-0A0B-426D-A070-EB2376C0C12B}.Debug|x86.Build.0 = Debug|Any CPU
		{107B02CB-0A0B-426D-A070-EB2376C0C12B}.Release|Any CPU.ActiveCfg = Release|Any CPU
		{107B02CB-0A0B-426D-A070-EB2376C0C12B}.Release|Any CPU.Build.0 = Release|Any CPU
		{107B02CB-0A0B-426D-A070-EB2376C0C12B}.Release|x64.ActiveCfg = Release|Any CPU
		{107B02CB-0A0B-426D-A070-EB2376C0C12B}.Release|x64.Build.0 = Release|Any CPU
		{107B02CB-0A0B-426D-A070-EB2376C0C12B}.Release|x86.ActiveCfg = Release|Any CPU
		{107B02CB-0A0B-426D-A070-EB2376C0C12B}.Release|x86.Build.0 = Release|Any CPU
		{557BF16C-2DAC-40C3-A753-F7902D1D1D67}.Debug|Any CPU.ActiveCfg = Debug|Any CPU
		{557BF16C-2DAC-40C3-A753-F7902D1D1D67}.Debug|Any CPU.Build.0 = Debug|Any CPU
		{557BF16C-2DAC-40C3-A753-F7902D1D1D67}.Debug|x64.ActiveCfg = Debug|Any CPU
		{557BF16C-2DAC-40C3-A753-F7902D1D1D67}.Debug|x64.Build.0 = Debug|Any CPU
		{557BF16C-2DAC-40C3-A753-F7902D1D1D67}.Debug|x86.ActiveCfg = Debug|Any CPU
		{557BF16C-2DAC-40C3-A753-F7902D1D1D67}.Debug|x86.Build.0 = Debug|Any CPU
		{557BF16C-2DAC-40C3-A753-F7902D1D1D67}.Release|Any CPU.ActiveCfg = Release|Any CPU
		{557BF16C-2DAC-40C3-A753-F7902D1D1D67}.Release|Any CPU.Build.0 = Release|Any CPU
		{557BF16C-2DAC-40C3-A753-F7902D1D1D67}.Release|x64.ActiveCfg = Release|Any CPU
		{557BF16C-2DAC-40C3-A753-F7902D1D1D67}.Release|x64.Build.0 = Release|Any CPU
		{557BF16C-2DAC-40C3-A753-F7902D1D1D67}.Release|x86.ActiveCfg = Release|Any CPU
		{557BF16C-2DAC-40C3-A753-F7902D1D1D67}.Release|x86.Build.0 = Release|Any CPU
		{33A413DA-3C28-4984-BAE9-5C078E35D2C8}.Debug|Any CPU.ActiveCfg = Debug|Any CPU
		{33A413DA-3C28-4984-BAE9-5C078E35D2C8}.Debug|Any CPU.Build.0 = Debug|Any CPU
		{33A413DA-3C28-4984-BAE9-5C078E35D2C8}.Debug|x64.ActiveCfg = Debug|Any CPU
		{33A413DA-3C28-4984-BAE9-5C078E35D2C8}.Debug|x64.Build.0 = Debug|Any CPU
		{33A413DA-3C28-4984-BAE9-5C078E35D2C8}.Debug|x86.ActiveCfg = Debug|Any CPU
		{33A413DA-3C28-4984-BAE9-5C078E35D2C8}.Debug|x86.Build.0 = Debug|Any CPU
		{33A413DA-3C28-4984-BAE9-5C078E35D2C8}.Release|Any CPU.ActiveCfg = Release|Any CPU
		{33A413DA-3C28-4984-BAE9-5C078E35D2C8}.Release|Any CPU.Build.0 = Release|Any CPU
		{33A413DA-3C28-4984-BAE9-5C078E35D2C8}.Release|x64.ActiveCfg = Release|Any CPU
		{33A413DA-3C28-4984-BAE9-5C078E35D2C8}.Release|x64.Build.0 = Release|Any CPU
		{33A413DA-3C28-4984-BAE9-5C078E35D2C8}.Release|x86.ActiveCfg = Release|Any CPU
		{33A413DA-3C28-4984-BAE9-5C078E35D2C8}.Release|x86.Build.0 = Release|Any CPU
		{D177BCAF-A40D-45C9-89E3-F298C367945E}.Debug|Any CPU.ActiveCfg = Debug|Any CPU
		{D177BCAF-A40D-45C9-89E3-F298C367945E}.Debug|Any CPU.Build.0 = Debug|Any CPU
		{D177BCAF-A40D-45C9-89E3-F298C367945E}.Debug|x64.ActiveCfg = Debug|Any CPU
		{D177BCAF-A40D-45C9-89E3-F298C367945E}.Debug|x64.Build.0 = Debug|Any CPU
		{D177BCAF-A40D-45C9-89E3-F298C367945E}.Debug|x86.ActiveCfg = Debug|Any CPU
		{D177BCAF-A40D-45C9-89E3-F298C367945E}.Debug|x86.Build.0 = Debug|Any CPU
		{D177BCAF-A40D-45C9-89E3-F298C367945E}.Release|Any CPU.ActiveCfg = Release|Any CPU
		{D177BCAF-A40D-45C9-89E3-F298C367945E}.Release|Any CPU.Build.0 = Release|Any CPU
		{D177BCAF-A40D-45C9-89E3-F298C367945E}.Release|x64.ActiveCfg = Release|Any CPU
		{D177BCAF-A40D-45C9-89E3-F298C367945E}.Release|x64.Build.0 = Release|Any CPU
		{D177BCAF-A40D-45C9-89E3-F298C367945E}.Release|x86.ActiveCfg = Release|Any CPU
		{D177BCAF-A40D-45C9-89E3-F298C367945E}.Release|x86.Build.0 = Release|Any CPU
		{BD7DFD19-D87C-4555-BDB7-394934A0EE64}.Debug|Any CPU.ActiveCfg = Debug|Any CPU
		{BD7DFD19-D87C-4555-BDB7-394934A0EE64}.Debug|Any CPU.Build.0 = Debug|Any CPU
		{BD7DFD19-D87C-4555-BDB7-394934A0EE64}.Debug|x64.ActiveCfg = Debug|Any CPU
		{BD7DFD19-D87C-4555-BDB7-394934A0EE64}.Debug|x64.Build.0 = Debug|Any CPU
		{BD7DFD19-D87C-4555-BDB7-394934A0EE64}.Debug|x86.ActiveCfg = Debug|Any CPU
		{BD7DFD19-D87C-4555-BDB7-394934A0EE64}.Debug|x86.Build.0 = Debug|Any CPU
		{BD7DFD19-D87C-4555-BDB7-394934A0EE64}.Release|Any CPU.ActiveCfg = Release|Any CPU
		{BD7DFD19-D87C-4555-BDB7-394934A0EE64}.Release|Any CPU.Build.0 = Release|Any CPU
		{BD7DFD19-D87C-4555-BDB7-394934A0EE64}.Release|x64.ActiveCfg = Release|Any CPU
		{BD7DFD19-D87C-4555-BDB7-394934A0EE64}.Release|x64.Build.0 = Release|Any CPU
		{BD7DFD19-D87C-4555-BDB7-394934A0EE64}.Release|x86.ActiveCfg = Release|Any CPU
		{BD7DFD19-D87C-4555-BDB7-394934A0EE64}.Release|x86.Build.0 = Release|Any CPU
		{C0F4DF05-C523-49A2-9DE0-D74C7EC98C15}.Debug|Any CPU.ActiveCfg = Debug|Any CPU
		{C0F4DF05-C523-49A2-9DE0-D74C7EC98C15}.Debug|Any CPU.Build.0 = Debug|Any CPU
		{C0F4DF05-C523-49A2-9DE0-D74C7EC98C15}.Debug|x64.ActiveCfg = Debug|Any CPU
		{C0F4DF05-C523-49A2-9DE0-D74C7EC98C15}.Debug|x64.Build.0 = Debug|Any CPU
		{C0F4DF05-C523-49A2-9DE0-D74C7EC98C15}.Debug|x86.ActiveCfg = Debug|Any CPU
		{C0F4DF05-C523-49A2-9DE0-D74C7EC98C15}.Debug|x86.Build.0 = Debug|Any CPU
		{C0F4DF05-C523-49A2-9DE0-D74C7EC98C15}.Release|Any CPU.ActiveCfg = Release|Any CPU
		{C0F4DF05-C523-49A2-9DE0-D74C7EC98C15}.Release|Any CPU.Build.0 = Release|Any CPU
		{C0F4DF05-C523-49A2-9DE0-D74C7EC98C15}.Release|x64.ActiveCfg = Release|Any CPU
		{C0F4DF05-C523-49A2-9DE0-D74C7EC98C15}.Release|x64.Build.0 = Release|Any CPU
		{C0F4DF05-C523-49A2-9DE0-D74C7EC98C15}.Release|x86.ActiveCfg = Release|Any CPU
		{C0F4DF05-C523-49A2-9DE0-D74C7EC98C15}.Release|x86.Build.0 = Release|Any CPU
		{463C9BAB-3AFB-4681-AA6A-946A5ECF076F}.Debug|Any CPU.ActiveCfg = Debug|Any CPU
		{463C9BAB-3AFB-4681-AA6A-946A5ECF076F}.Debug|Any CPU.Build.0 = Debug|Any CPU
		{463C9BAB-3AFB-4681-AA6A-946A5ECF076F}.Debug|x64.ActiveCfg = Debug|Any CPU
		{463C9BAB-3AFB-4681-AA6A-946A5ECF076F}.Debug|x64.Build.0 = Debug|Any CPU
		{463C9BAB-3AFB-4681-AA6A-946A5ECF076F}.Debug|x86.ActiveCfg = Debug|Any CPU
		{463C9BAB-3AFB-4681-AA6A-946A5ECF076F}.Debug|x86.Build.0 = Debug|Any CPU
		{463C9BAB-3AFB-4681-AA6A-946A5ECF076F}.Release|Any CPU.ActiveCfg = Release|Any CPU
		{463C9BAB-3AFB-4681-AA6A-946A5ECF076F}.Release|Any CPU.Build.0 = Release|Any CPU
		{463C9BAB-3AFB-4681-AA6A-946A5ECF076F}.Release|x64.ActiveCfg = Release|Any CPU
		{463C9BAB-3AFB-4681-AA6A-946A5ECF076F}.Release|x64.Build.0 = Release|Any CPU
		{463C9BAB-3AFB-4681-AA6A-946A5ECF076F}.Release|x86.ActiveCfg = Release|Any CPU
		{463C9BAB-3AFB-4681-AA6A-946A5ECF076F}.Release|x86.Build.0 = Release|Any CPU
		{ED5B7FB5-7017-4DF4-B57E-ED054D68ECB0}.Debug|Any CPU.ActiveCfg = Debug|Any CPU
		{ED5B7FB5-7017-4DF4-B57E-ED054D68ECB0}.Debug|Any CPU.Build.0 = Debug|Any CPU
		{ED5B7FB5-7017-4DF4-B57E-ED054D68ECB0}.Debug|x64.ActiveCfg = Debug|Any CPU
		{ED5B7FB5-7017-4DF4-B57E-ED054D68ECB0}.Debug|x64.Build.0 = Debug|Any CPU
		{ED5B7FB5-7017-4DF4-B57E-ED054D68ECB0}.Debug|x86.ActiveCfg = Debug|Any CPU
		{ED5B7FB5-7017-4DF4-B57E-ED054D68ECB0}.Debug|x86.Build.0 = Debug|Any CPU
		{ED5B7FB5-7017-4DF4-B57E-ED054D68ECB0}.Release|Any CPU.ActiveCfg = Release|Any CPU
		{ED5B7FB5-7017-4DF4-B57E-ED054D68ECB0}.Release|Any CPU.Build.0 = Release|Any CPU
		{ED5B7FB5-7017-4DF4-B57E-ED054D68ECB0}.Release|x64.ActiveCfg = Release|Any CPU
		{ED5B7FB5-7017-4DF4-B57E-ED054D68ECB0}.Release|x64.Build.0 = Release|Any CPU
		{ED5B7FB5-7017-4DF4-B57E-ED054D68ECB0}.Release|x86.ActiveCfg = Release|Any CPU
		{ED5B7FB5-7017-4DF4-B57E-ED054D68ECB0}.Release|x86.Build.0 = Release|Any CPU
		{B3AF16CA-4311-485C-9FF5-517184CE5E61}.Debug|Any CPU.ActiveCfg = Debug|Any CPU
		{B3AF16CA-4311-485C-9FF5-517184CE5E61}.Debug|Any CPU.Build.0 = Debug|Any CPU
		{B3AF16CA-4311-485C-9FF5-517184CE5E61}.Debug|x64.ActiveCfg = Debug|Any CPU
		{B3AF16CA-4311-485C-9FF5-517184CE5E61}.Debug|x64.Build.0 = Debug|Any CPU
		{B3AF16CA-4311-485C-9FF5-517184CE5E61}.Debug|x86.ActiveCfg = Debug|Any CPU
		{B3AF16CA-4311-485C-9FF5-517184CE5E61}.Debug|x86.Build.0 = Debug|Any CPU
		{B3AF16CA-4311-485C-9FF5-517184CE5E61}.Release|Any CPU.ActiveCfg = Release|Any CPU
		{B3AF16CA-4311-485C-9FF5-517184CE5E61}.Release|Any CPU.Build.0 = Release|Any CPU
		{B3AF16CA-4311-485C-9FF5-517184CE5E61}.Release|x64.ActiveCfg = Release|Any CPU
		{B3AF16CA-4311-485C-9FF5-517184CE5E61}.Release|x64.Build.0 = Release|Any CPU
		{B3AF16CA-4311-485C-9FF5-517184CE5E61}.Release|x86.ActiveCfg = Release|Any CPU
		{B3AF16CA-4311-485C-9FF5-517184CE5E61}.Release|x86.Build.0 = Release|Any CPU
		{51A34D1D-C362-43C0-BD10-5FC716E3F806}.Debug|Any CPU.ActiveCfg = Debug|Any CPU
		{51A34D1D-C362-43C0-BD10-5FC716E3F806}.Debug|Any CPU.Build.0 = Debug|Any CPU
		{51A34D1D-C362-43C0-BD10-5FC716E3F806}.Debug|x64.ActiveCfg = Debug|Any CPU
		{51A34D1D-C362-43C0-BD10-5FC716E3F806}.Debug|x64.Build.0 = Debug|Any CPU
		{51A34D1D-C362-43C0-BD10-5FC716E3F806}.Debug|x86.ActiveCfg = Debug|Any CPU
		{51A34D1D-C362-43C0-BD10-5FC716E3F806}.Debug|x86.Build.0 = Debug|Any CPU
		{51A34D1D-C362-43C0-BD10-5FC716E3F806}.Release|Any CPU.ActiveCfg = Release|Any CPU
		{51A34D1D-C362-43C0-BD10-5FC716E3F806}.Release|Any CPU.Build.0 = Release|Any CPU
		{51A34D1D-C362-43C0-BD10-5FC716E3F806}.Release|x64.ActiveCfg = Release|Any CPU
		{51A34D1D-C362-43C0-BD10-5FC716E3F806}.Release|x64.Build.0 = Release|Any CPU
		{51A34D1D-C362-43C0-BD10-5FC716E3F806}.Release|x86.ActiveCfg = Release|Any CPU
		{51A34D1D-C362-43C0-BD10-5FC716E3F806}.Release|x86.Build.0 = Release|Any CPU
		{F72CA0B4-88D5-4140-95C4-B5E976328F41}.Debug|Any CPU.ActiveCfg = Debug|Any CPU
		{F72CA0B4-88D5-4140-95C4-B5E976328F41}.Debug|Any CPU.Build.0 = Debug|Any CPU
		{F72CA0B4-88D5-4140-95C4-B5E976328F41}.Debug|x64.ActiveCfg = Debug|Any CPU
		{F72CA0B4-88D5-4140-95C4-B5E976328F41}.Debug|x64.Build.0 = Debug|Any CPU
		{F72CA0B4-88D5-4140-95C4-B5E976328F41}.Debug|x86.ActiveCfg = Debug|Any CPU
		{F72CA0B4-88D5-4140-95C4-B5E976328F41}.Debug|x86.Build.0 = Debug|Any CPU
		{F72CA0B4-88D5-4140-95C4-B5E976328F41}.Release|Any CPU.ActiveCfg = Release|Any CPU
		{F72CA0B4-88D5-4140-95C4-B5E976328F41}.Release|Any CPU.Build.0 = Release|Any CPU
		{F72CA0B4-88D5-4140-95C4-B5E976328F41}.Release|x64.ActiveCfg = Release|Any CPU
		{F72CA0B4-88D5-4140-95C4-B5E976328F41}.Release|x64.Build.0 = Release|Any CPU
		{F72CA0B4-88D5-4140-95C4-B5E976328F41}.Release|x86.ActiveCfg = Release|Any CPU
		{F72CA0B4-88D5-4140-95C4-B5E976328F41}.Release|x86.Build.0 = Release|Any CPU
		{FFE70A33-F03A-4477-AB1D-A4EDADDC3EF8}.Debug|Any CPU.ActiveCfg = Debug|Any CPU
		{FFE70A33-F03A-4477-AB1D-A4EDADDC3EF8}.Debug|Any CPU.Build.0 = Debug|Any CPU
		{FFE70A33-F03A-4477-AB1D-A4EDADDC3EF8}.Debug|x64.ActiveCfg = Debug|Any CPU
		{FFE70A33-F03A-4477-AB1D-A4EDADDC3EF8}.Debug|x64.Build.0 = Debug|Any CPU
		{FFE70A33-F03A-4477-AB1D-A4EDADDC3EF8}.Debug|x86.ActiveCfg = Debug|Any CPU
		{FFE70A33-F03A-4477-AB1D-A4EDADDC3EF8}.Debug|x86.Build.0 = Debug|Any CPU
		{FFE70A33-F03A-4477-AB1D-A4EDADDC3EF8}.Release|Any CPU.ActiveCfg = Release|Any CPU
		{FFE70A33-F03A-4477-AB1D-A4EDADDC3EF8}.Release|Any CPU.Build.0 = Release|Any CPU
		{FFE70A33-F03A-4477-AB1D-A4EDADDC3EF8}.Release|x64.ActiveCfg = Release|Any CPU
		{FFE70A33-F03A-4477-AB1D-A4EDADDC3EF8}.Release|x64.Build.0 = Release|Any CPU
		{FFE70A33-F03A-4477-AB1D-A4EDADDC3EF8}.Release|x86.ActiveCfg = Release|Any CPU
		{FFE70A33-F03A-4477-AB1D-A4EDADDC3EF8}.Release|x86.Build.0 = Release|Any CPU
		{43B57ED4-7D6A-4DD8-97CF-22191E8497DF}.Debug|Any CPU.ActiveCfg = Debug|Any CPU
		{43B57ED4-7D6A-4DD8-97CF-22191E8497DF}.Debug|Any CPU.Build.0 = Debug|Any CPU
		{43B57ED4-7D6A-4DD8-97CF-22191E8497DF}.Debug|x64.ActiveCfg = Debug|Any CPU
		{43B57ED4-7D6A-4DD8-97CF-22191E8497DF}.Debug|x64.Build.0 = Debug|Any CPU
		{43B57ED4-7D6A-4DD8-97CF-22191E8497DF}.Debug|x86.ActiveCfg = Debug|Any CPU
		{43B57ED4-7D6A-4DD8-97CF-22191E8497DF}.Debug|x86.Build.0 = Debug|Any CPU
		{43B57ED4-7D6A-4DD8-97CF-22191E8497DF}.Release|Any CPU.ActiveCfg = Release|Any CPU
		{43B57ED4-7D6A-4DD8-97CF-22191E8497DF}.Release|Any CPU.Build.0 = Release|Any CPU
		{43B57ED4-7D6A-4DD8-97CF-22191E8497DF}.Release|x64.ActiveCfg = Release|Any CPU
		{43B57ED4-7D6A-4DD8-97CF-22191E8497DF}.Release|x64.Build.0 = Release|Any CPU
		{43B57ED4-7D6A-4DD8-97CF-22191E8497DF}.Release|x86.ActiveCfg = Release|Any CPU
		{43B57ED4-7D6A-4DD8-97CF-22191E8497DF}.Release|x86.Build.0 = Release|Any CPU
		{4ED6E379-A658-434B-8225-A89CF66E1AB3}.Debug|Any CPU.ActiveCfg = Debug|Any CPU
		{4ED6E379-A658-434B-8225-A89CF66E1AB3}.Debug|Any CPU.Build.0 = Debug|Any CPU
		{4ED6E379-A658-434B-8225-A89CF66E1AB3}.Debug|x64.ActiveCfg = Debug|Any CPU
		{4ED6E379-A658-434B-8225-A89CF66E1AB3}.Debug|x64.Build.0 = Debug|Any CPU
		{4ED6E379-A658-434B-8225-A89CF66E1AB3}.Debug|x86.ActiveCfg = Debug|Any CPU
		{4ED6E379-A658-434B-8225-A89CF66E1AB3}.Debug|x86.Build.0 = Debug|Any CPU
		{4ED6E379-A658-434B-8225-A89CF66E1AB3}.Release|Any CPU.ActiveCfg = Release|Any CPU
		{4ED6E379-A658-434B-8225-A89CF66E1AB3}.Release|Any CPU.Build.0 = Release|Any CPU
		{4ED6E379-A658-434B-8225-A89CF66E1AB3}.Release|x64.ActiveCfg = Release|Any CPU
		{4ED6E379-A658-434B-8225-A89CF66E1AB3}.Release|x64.Build.0 = Release|Any CPU
		{4ED6E379-A658-434B-8225-A89CF66E1AB3}.Release|x86.ActiveCfg = Release|Any CPU
		{4ED6E379-A658-434B-8225-A89CF66E1AB3}.Release|x86.Build.0 = Release|Any CPU
		{0FB63627-334A-4316-A9BF-7DE205D4B153}.Debug|Any CPU.ActiveCfg = Debug|Any CPU
		{0FB63627-334A-4316-A9BF-7DE205D4B153}.Debug|Any CPU.Build.0 = Debug|Any CPU
		{0FB63627-334A-4316-A9BF-7DE205D4B153}.Debug|x64.ActiveCfg = Debug|Any CPU
		{0FB63627-334A-4316-A9BF-7DE205D4B153}.Debug|x64.Build.0 = Debug|Any CPU
		{0FB63627-334A-4316-A9BF-7DE205D4B153}.Debug|x86.ActiveCfg = Debug|Any CPU
		{0FB63627-334A-4316-A9BF-7DE205D4B153}.Debug|x86.Build.0 = Debug|Any CPU
		{0FB63627-334A-4316-A9BF-7DE205D4B153}.Release|Any CPU.ActiveCfg = Release|Any CPU
		{0FB63627-334A-4316-A9BF-7DE205D4B153}.Release|Any CPU.Build.0 = Release|Any CPU
		{0FB63627-334A-4316-A9BF-7DE205D4B153}.Release|x64.ActiveCfg = Release|Any CPU
		{0FB63627-334A-4316-A9BF-7DE205D4B153}.Release|x64.Build.0 = Release|Any CPU
		{0FB63627-334A-4316-A9BF-7DE205D4B153}.Release|x86.ActiveCfg = Release|Any CPU
		{0FB63627-334A-4316-A9BF-7DE205D4B153}.Release|x86.Build.0 = Release|Any CPU
		{B4948263-9C45-4572-8944-739217D9DBA3}.Debug|Any CPU.ActiveCfg = Debug|Any CPU
		{B4948263-9C45-4572-8944-739217D9DBA3}.Debug|Any CPU.Build.0 = Debug|Any CPU
		{B4948263-9C45-4572-8944-739217D9DBA3}.Debug|x64.ActiveCfg = Debug|Any CPU
		{B4948263-9C45-4572-8944-739217D9DBA3}.Debug|x64.Build.0 = Debug|Any CPU
		{B4948263-9C45-4572-8944-739217D9DBA3}.Debug|x86.ActiveCfg = Debug|Any CPU
		{B4948263-9C45-4572-8944-739217D9DBA3}.Debug|x86.Build.0 = Debug|Any CPU
		{B4948263-9C45-4572-8944-739217D9DBA3}.Release|Any CPU.ActiveCfg = Release|Any CPU
		{B4948263-9C45-4572-8944-739217D9DBA3}.Release|Any CPU.Build.0 = Release|Any CPU
		{B4948263-9C45-4572-8944-739217D9DBA3}.Release|x64.ActiveCfg = Release|Any CPU
		{B4948263-9C45-4572-8944-739217D9DBA3}.Release|x64.Build.0 = Release|Any CPU
		{B4948263-9C45-4572-8944-739217D9DBA3}.Release|x86.ActiveCfg = Release|Any CPU
		{B4948263-9C45-4572-8944-739217D9DBA3}.Release|x86.Build.0 = Release|Any CPU
		{0FFC876C-6CD5-47D5-81FC-07D1DCB2F9B0}.Debug|Any CPU.ActiveCfg = Debug|Any CPU
		{0FFC876C-6CD5-47D5-81FC-07D1DCB2F9B0}.Debug|Any CPU.Build.0 = Debug|Any CPU
		{0FFC876C-6CD5-47D5-81FC-07D1DCB2F9B0}.Debug|x64.ActiveCfg = Debug|Any CPU
		{0FFC876C-6CD5-47D5-81FC-07D1DCB2F9B0}.Debug|x64.Build.0 = Debug|Any CPU
		{0FFC876C-6CD5-47D5-81FC-07D1DCB2F9B0}.Debug|x86.ActiveCfg = Debug|Any CPU
		{0FFC876C-6CD5-47D5-81FC-07D1DCB2F9B0}.Debug|x86.Build.0 = Debug|Any CPU
		{0FFC876C-6CD5-47D5-81FC-07D1DCB2F9B0}.Release|Any CPU.ActiveCfg = Release|Any CPU
		{0FFC876C-6CD5-47D5-81FC-07D1DCB2F9B0}.Release|Any CPU.Build.0 = Release|Any CPU
		{0FFC876C-6CD5-47D5-81FC-07D1DCB2F9B0}.Release|x64.ActiveCfg = Release|Any CPU
		{0FFC876C-6CD5-47D5-81FC-07D1DCB2F9B0}.Release|x64.Build.0 = Release|Any CPU
		{0FFC876C-6CD5-47D5-81FC-07D1DCB2F9B0}.Release|x86.ActiveCfg = Release|Any CPU
		{0FFC876C-6CD5-47D5-81FC-07D1DCB2F9B0}.Release|x86.Build.0 = Release|Any CPU
		{435DF5DF-91D2-41B7-8371-8B407222D44F}.Debug|Any CPU.ActiveCfg = Debug|Any CPU
		{435DF5DF-91D2-41B7-8371-8B407222D44F}.Debug|Any CPU.Build.0 = Debug|Any CPU
		{435DF5DF-91D2-41B7-8371-8B407222D44F}.Debug|x64.ActiveCfg = Debug|Any CPU
		{435DF5DF-91D2-41B7-8371-8B407222D44F}.Debug|x64.Build.0 = Debug|Any CPU
		{435DF5DF-91D2-41B7-8371-8B407222D44F}.Debug|x86.ActiveCfg = Debug|Any CPU
		{435DF5DF-91D2-41B7-8371-8B407222D44F}.Debug|x86.Build.0 = Debug|Any CPU
		{435DF5DF-91D2-41B7-8371-8B407222D44F}.Release|Any CPU.ActiveCfg = Release|Any CPU
		{435DF5DF-91D2-41B7-8371-8B407222D44F}.Release|Any CPU.Build.0 = Release|Any CPU
		{435DF5DF-91D2-41B7-8371-8B407222D44F}.Release|x64.ActiveCfg = Release|Any CPU
		{435DF5DF-91D2-41B7-8371-8B407222D44F}.Release|x64.Build.0 = Release|Any CPU
		{435DF5DF-91D2-41B7-8371-8B407222D44F}.Release|x86.ActiveCfg = Release|Any CPU
		{435DF5DF-91D2-41B7-8371-8B407222D44F}.Release|x86.Build.0 = Release|Any CPU
		{585C7CF4-94C3-4C29-83D1-DAAF5E6ADDF0}.Debug|Any CPU.ActiveCfg = Debug|Any CPU
		{585C7CF4-94C3-4C29-83D1-DAAF5E6ADDF0}.Debug|Any CPU.Build.0 = Debug|Any CPU
		{585C7CF4-94C3-4C29-83D1-DAAF5E6ADDF0}.Debug|x64.ActiveCfg = Debug|Any CPU
		{585C7CF4-94C3-4C29-83D1-DAAF5E6ADDF0}.Debug|x64.Build.0 = Debug|Any CPU
		{585C7CF4-94C3-4C29-83D1-DAAF5E6ADDF0}.Debug|x86.ActiveCfg = Debug|Any CPU
		{585C7CF4-94C3-4C29-83D1-DAAF5E6ADDF0}.Debug|x86.Build.0 = Debug|Any CPU
		{585C7CF4-94C3-4C29-83D1-DAAF5E6ADDF0}.Release|Any CPU.ActiveCfg = Release|Any CPU
		{585C7CF4-94C3-4C29-83D1-DAAF5E6ADDF0}.Release|Any CPU.Build.0 = Release|Any CPU
		{585C7CF4-94C3-4C29-83D1-DAAF5E6ADDF0}.Release|x64.ActiveCfg = Release|Any CPU
		{585C7CF4-94C3-4C29-83D1-DAAF5E6ADDF0}.Release|x64.Build.0 = Release|Any CPU
		{585C7CF4-94C3-4C29-83D1-DAAF5E6ADDF0}.Release|x86.ActiveCfg = Release|Any CPU
		{585C7CF4-94C3-4C29-83D1-DAAF5E6ADDF0}.Release|x86.Build.0 = Release|Any CPU
		{116A2F37-2AFB-43E3-8A5E-97763FFB2842}.Debug|Any CPU.ActiveCfg = Debug|Any CPU
		{116A2F37-2AFB-43E3-8A5E-97763FFB2842}.Debug|Any CPU.Build.0 = Debug|Any CPU
		{116A2F37-2AFB-43E3-8A5E-97763FFB2842}.Debug|x64.ActiveCfg = Debug|Any CPU
		{116A2F37-2AFB-43E3-8A5E-97763FFB2842}.Debug|x64.Build.0 = Debug|Any CPU
		{116A2F37-2AFB-43E3-8A5E-97763FFB2842}.Debug|x86.ActiveCfg = Debug|Any CPU
		{116A2F37-2AFB-43E3-8A5E-97763FFB2842}.Debug|x86.Build.0 = Debug|Any CPU
		{116A2F37-2AFB-43E3-8A5E-97763FFB2842}.Release|Any CPU.ActiveCfg = Release|Any CPU
		{116A2F37-2AFB-43E3-8A5E-97763FFB2842}.Release|Any CPU.Build.0 = Release|Any CPU
		{116A2F37-2AFB-43E3-8A5E-97763FFB2842}.Release|x64.ActiveCfg = Release|Any CPU
		{116A2F37-2AFB-43E3-8A5E-97763FFB2842}.Release|x64.Build.0 = Release|Any CPU
		{116A2F37-2AFB-43E3-8A5E-97763FFB2842}.Release|x86.ActiveCfg = Release|Any CPU
		{116A2F37-2AFB-43E3-8A5E-97763FFB2842}.Release|x86.Build.0 = Release|Any CPU
		{54F5E687-6567-42B8-A964-D49C294FD68D}.Debug|Any CPU.ActiveCfg = Debug|Any CPU
		{54F5E687-6567-42B8-A964-D49C294FD68D}.Debug|Any CPU.Build.0 = Debug|Any CPU
		{54F5E687-6567-42B8-A964-D49C294FD68D}.Debug|x64.ActiveCfg = Debug|Any CPU
		{54F5E687-6567-42B8-A964-D49C294FD68D}.Debug|x64.Build.0 = Debug|Any CPU
		{54F5E687-6567-42B8-A964-D49C294FD68D}.Debug|x86.ActiveCfg = Debug|Any CPU
		{54F5E687-6567-42B8-A964-D49C294FD68D}.Debug|x86.Build.0 = Debug|Any CPU
		{54F5E687-6567-42B8-A964-D49C294FD68D}.Release|Any CPU.ActiveCfg = Release|Any CPU
		{54F5E687-6567-42B8-A964-D49C294FD68D}.Release|Any CPU.Build.0 = Release|Any CPU
		{54F5E687-6567-42B8-A964-D49C294FD68D}.Release|x64.ActiveCfg = Release|Any CPU
		{54F5E687-6567-42B8-A964-D49C294FD68D}.Release|x64.Build.0 = Release|Any CPU
		{54F5E687-6567-42B8-A964-D49C294FD68D}.Release|x86.ActiveCfg = Release|Any CPU
		{54F5E687-6567-42B8-A964-D49C294FD68D}.Release|x86.Build.0 = Release|Any CPU
		{AFDE8555-2CFF-4336-ACE0-C23F3FC5322B}.Debug|Any CPU.ActiveCfg = Debug|Any CPU
		{AFDE8555-2CFF-4336-ACE0-C23F3FC5322B}.Debug|Any CPU.Build.0 = Debug|Any CPU
		{AFDE8555-2CFF-4336-ACE0-C23F3FC5322B}.Debug|x64.ActiveCfg = Debug|Any CPU
		{AFDE8555-2CFF-4336-ACE0-C23F3FC5322B}.Debug|x64.Build.0 = Debug|Any CPU
		{AFDE8555-2CFF-4336-ACE0-C23F3FC5322B}.Debug|x86.ActiveCfg = Debug|Any CPU
		{AFDE8555-2CFF-4336-ACE0-C23F3FC5322B}.Debug|x86.Build.0 = Debug|Any CPU
		{AFDE8555-2CFF-4336-ACE0-C23F3FC5322B}.Release|Any CPU.ActiveCfg = Release|Any CPU
		{AFDE8555-2CFF-4336-ACE0-C23F3FC5322B}.Release|Any CPU.Build.0 = Release|Any CPU
		{AFDE8555-2CFF-4336-ACE0-C23F3FC5322B}.Release|x64.ActiveCfg = Release|Any CPU
		{AFDE8555-2CFF-4336-ACE0-C23F3FC5322B}.Release|x64.Build.0 = Release|Any CPU
		{AFDE8555-2CFF-4336-ACE0-C23F3FC5322B}.Release|x86.ActiveCfg = Release|Any CPU
		{AFDE8555-2CFF-4336-ACE0-C23F3FC5322B}.Release|x86.Build.0 = Release|Any CPU
		{89D315B1-C7C0-4491-8E49-7561D777B1A0}.Debug|Any CPU.ActiveCfg = Debug|Any CPU
		{89D315B1-C7C0-4491-8E49-7561D777B1A0}.Debug|Any CPU.Build.0 = Debug|Any CPU
		{89D315B1-C7C0-4491-8E49-7561D777B1A0}.Debug|x64.ActiveCfg = Debug|Any CPU
		{89D315B1-C7C0-4491-8E49-7561D777B1A0}.Debug|x64.Build.0 = Debug|Any CPU
		{89D315B1-C7C0-4491-8E49-7561D777B1A0}.Debug|x86.ActiveCfg = Debug|Any CPU
		{89D315B1-C7C0-4491-8E49-7561D777B1A0}.Debug|x86.Build.0 = Debug|Any CPU
		{89D315B1-C7C0-4491-8E49-7561D777B1A0}.Release|Any CPU.ActiveCfg = Release|Any CPU
		{89D315B1-C7C0-4491-8E49-7561D777B1A0}.Release|Any CPU.Build.0 = Release|Any CPU
		{89D315B1-C7C0-4491-8E49-7561D777B1A0}.Release|x64.ActiveCfg = Release|Any CPU
		{89D315B1-C7C0-4491-8E49-7561D777B1A0}.Release|x64.Build.0 = Release|Any CPU
		{89D315B1-C7C0-4491-8E49-7561D777B1A0}.Release|x86.ActiveCfg = Release|Any CPU
		{89D315B1-C7C0-4491-8E49-7561D777B1A0}.Release|x86.Build.0 = Release|Any CPU
		{A6616AAF-AA0A-490C-87F3-ED401F7B9E07}.Debug|Any CPU.ActiveCfg = Debug|Any CPU
		{A6616AAF-AA0A-490C-87F3-ED401F7B9E07}.Debug|Any CPU.Build.0 = Debug|Any CPU
		{A6616AAF-AA0A-490C-87F3-ED401F7B9E07}.Debug|x64.ActiveCfg = Debug|Any CPU
		{A6616AAF-AA0A-490C-87F3-ED401F7B9E07}.Debug|x64.Build.0 = Debug|Any CPU
		{A6616AAF-AA0A-490C-87F3-ED401F7B9E07}.Debug|x86.ActiveCfg = Debug|Any CPU
		{A6616AAF-AA0A-490C-87F3-ED401F7B9E07}.Debug|x86.Build.0 = Debug|Any CPU
		{A6616AAF-AA0A-490C-87F3-ED401F7B9E07}.Release|Any CPU.ActiveCfg = Release|Any CPU
		{A6616AAF-AA0A-490C-87F3-ED401F7B9E07}.Release|Any CPU.Build.0 = Release|Any CPU
		{A6616AAF-AA0A-490C-87F3-ED401F7B9E07}.Release|x64.ActiveCfg = Release|Any CPU
		{A6616AAF-AA0A-490C-87F3-ED401F7B9E07}.Release|x64.Build.0 = Release|Any CPU
		{A6616AAF-AA0A-490C-87F3-ED401F7B9E07}.Release|x86.ActiveCfg = Release|Any CPU
		{A6616AAF-AA0A-490C-87F3-ED401F7B9E07}.Release|x86.Build.0 = Release|Any CPU
		{F5597001-7FF1-427D-860E-31DF2D97460D}.Debug|Any CPU.ActiveCfg = Debug|Any CPU
		{F5597001-7FF1-427D-860E-31DF2D97460D}.Debug|Any CPU.Build.0 = Debug|Any CPU
		{F5597001-7FF1-427D-860E-31DF2D97460D}.Debug|x64.ActiveCfg = Debug|Any CPU
		{F5597001-7FF1-427D-860E-31DF2D97460D}.Debug|x64.Build.0 = Debug|Any CPU
		{F5597001-7FF1-427D-860E-31DF2D97460D}.Debug|x86.ActiveCfg = Debug|Any CPU
		{F5597001-7FF1-427D-860E-31DF2D97460D}.Debug|x86.Build.0 = Debug|Any CPU
		{F5597001-7FF1-427D-860E-31DF2D97460D}.Release|Any CPU.ActiveCfg = Release|Any CPU
		{F5597001-7FF1-427D-860E-31DF2D97460D}.Release|Any CPU.Build.0 = Release|Any CPU
		{F5597001-7FF1-427D-860E-31DF2D97460D}.Release|x64.ActiveCfg = Release|Any CPU
		{F5597001-7FF1-427D-860E-31DF2D97460D}.Release|x64.Build.0 = Release|Any CPU
		{F5597001-7FF1-427D-860E-31DF2D97460D}.Release|x86.ActiveCfg = Release|Any CPU
		{F5597001-7FF1-427D-860E-31DF2D97460D}.Release|x86.Build.0 = Release|Any CPU
	EndGlobalSection
	GlobalSection(SolutionProperties) = preSolution
		HideSolutionNode = FALSE
	EndGlobalSection
	GlobalSection(NestedProjects) = preSolution
		{174AD50C-7E65-4467-A9EB-3FA372E3BCFD} = {05787D83-7374-483A-A42C-E9A53EA5B224}
		{D1D73255-F877-4F77-A751-A7AD7A33DF3B} = {795A1BB4-B65E-4455-B041-DEBCC6543B36}
		{2C5BDF3F-726C-4D1B-91D9-AB4209B9DD3C} = {C5358CA3-CAA9-43F6-9696-4AEFA18AD581}
		{2CC93064-96E3-40E3-A328-C87C3D2BA0C5} = {05787D83-7374-483A-A42C-E9A53EA5B224}
		{D6DBA375-F734-47A5-8D9F-DA599F3EA4D7} = {05787D83-7374-483A-A42C-E9A53EA5B224}
		{45B859EF-C734-4143-855E-8162063BDB60} = {795A1BB4-B65E-4455-B041-DEBCC6543B36}
		{756F83A6-25E2-44B9-92D0-D74961D10EE5} = {C5358CA3-CAA9-43F6-9696-4AEFA18AD581}
		{A150FB1F-0388-4FF3-B9FE-03AF72A451FF} = {05787D83-7374-483A-A42C-E9A53EA5B224}
		{F0D351B4-8FB2-4729-9C93-530AB71237E4} = {795A1BB4-B65E-4455-B041-DEBCC6543B36}
		{1987D078-C132-4BAF-8BCC-DB11168B3B1D} = {795A1BB4-B65E-4455-B041-DEBCC6543B36}
		{15747619-FE95-451A-AE69-EB7567E0FF44} = {F176BEDF-7EF2-4B3B-AC60-74F3B15B1271}
		{2B185665-CB39-4457-8B16-AACBCDF58DE8} = {05787D83-7374-483A-A42C-E9A53EA5B224}
		{30D9FC5A-465B-4B53-A20C-7774F4AFBE7E} = {795A1BB4-B65E-4455-B041-DEBCC6543B36}
		{093A0A92-1531-49F1-BBDE-D4D0E385B78A} = {795A1BB4-B65E-4455-B041-DEBCC6543B36}
		{5CF0EC77-A67B-42B4-A8BC-C266FD3AF63C} = {795A1BB4-B65E-4455-B041-DEBCC6543B36}
		{62743E4E-DD27-43C9-B29A-E1C03603D14D} = {795A1BB4-B65E-4455-B041-DEBCC6543B36}
		{F9917C0F-7808-49A7-B157-F58AC5486D1A} = {795A1BB4-B65E-4455-B041-DEBCC6543B36}
		{AA3C716A-999A-46CA-B8CF-9AC23D78CC05} = {795A1BB4-B65E-4455-B041-DEBCC6543B36}
		{D776A3FE-3781-48A5-BFFE-52BF4F541D2F} = {795A1BB4-B65E-4455-B041-DEBCC6543B36}
		{3D242F93-74B0-47A7-A63E-BAE50E1EC2C6} = {795A1BB4-B65E-4455-B041-DEBCC6543B36}
		{D54AA665-0990-4B3D-B5FB-476843421437} = {795A1BB4-B65E-4455-B041-DEBCC6543B36}
		{107B02CB-0A0B-426D-A070-EB2376C0C12B} = {795A1BB4-B65E-4455-B041-DEBCC6543B36}
		{557BF16C-2DAC-40C3-A753-F7902D1D1D67} = {795A1BB4-B65E-4455-B041-DEBCC6543B36}
		{33A413DA-3C28-4984-BAE9-5C078E35D2C8} = {05787D83-7374-483A-A42C-E9A53EA5B224}
		{D177BCAF-A40D-45C9-89E3-F298C367945E} = {795A1BB4-B65E-4455-B041-DEBCC6543B36}
		{BD7DFD19-D87C-4555-BDB7-394934A0EE64} = {795A1BB4-B65E-4455-B041-DEBCC6543B36}
		{C0F4DF05-C523-49A2-9DE0-D74C7EC98C15} = {795A1BB4-B65E-4455-B041-DEBCC6543B36}
		{463C9BAB-3AFB-4681-AA6A-946A5ECF076F} = {05787D83-7374-483A-A42C-E9A53EA5B224}
		{ED5B7FB5-7017-4DF4-B57E-ED054D68ECB0} = {795A1BB4-B65E-4455-B041-DEBCC6543B36}
		{B3AF16CA-4311-485C-9FF5-517184CE5E61} = {795A1BB4-B65E-4455-B041-DEBCC6543B36}
		{51A34D1D-C362-43C0-BD10-5FC716E3F806} = {795A1BB4-B65E-4455-B041-DEBCC6543B36}
		{F72CA0B4-88D5-4140-95C4-B5E976328F41} = {05787D83-7374-483A-A42C-E9A53EA5B224}
		{FFE70A33-F03A-4477-AB1D-A4EDADDC3EF8} = {C5358CA3-CAA9-43F6-9696-4AEFA18AD581}
		{43B57ED4-7D6A-4DD8-97CF-22191E8497DF} = {05787D83-7374-483A-A42C-E9A53EA5B224}
		{4ED6E379-A658-434B-8225-A89CF66E1AB3} = {795A1BB4-B65E-4455-B041-DEBCC6543B36}
		{0FB63627-334A-4316-A9BF-7DE205D4B153} = {795A1BB4-B65E-4455-B041-DEBCC6543B36}
		{B4948263-9C45-4572-8944-739217D9DBA3} = {795A1BB4-B65E-4455-B041-DEBCC6543B36}
		{0FFC876C-6CD5-47D5-81FC-07D1DCB2F9B0} = {C5358CA3-CAA9-43F6-9696-4AEFA18AD581}
		{435DF5DF-91D2-41B7-8371-8B407222D44F} = {795A1BB4-B65E-4455-B041-DEBCC6543B36}
		{585C7CF4-94C3-4C29-83D1-DAAF5E6ADDF0} = {795A1BB4-B65E-4455-B041-DEBCC6543B36}
		{116A2F37-2AFB-43E3-8A5E-97763FFB2842} = {795A1BB4-B65E-4455-B041-DEBCC6543B36}
		{54F5E687-6567-42B8-A964-D49C294FD68D} = {05787D83-7374-483A-A42C-E9A53EA5B224}
		{AFDE8555-2CFF-4336-ACE0-C23F3FC5322B} = {795A1BB4-B65E-4455-B041-DEBCC6543B36}
		{89D315B1-C7C0-4491-8E49-7561D777B1A0} = {795A1BB4-B65E-4455-B041-DEBCC6543B36}
		{A6616AAF-AA0A-490C-87F3-ED401F7B9E07} = {795A1BB4-B65E-4455-B041-DEBCC6543B36}
		{F5597001-7FF1-427D-860E-31DF2D97460D} = {C5358CA3-CAA9-43F6-9696-4AEFA18AD581}
	EndGlobalSection
	GlobalSection(ExtensibilityGlobals) = postSolution
		SolutionGuid = {49382294-2F91-4B26-B415-0933D5DF38E1}
	EndGlobalSection
EndGlobal
